
Microsoft Visual Studio Solution File, Format Version 12.00
# Visual Studio Version 16
VisualStudioVersion = 16.0.30717.126
MinimumVisualStudioVersion = 10.0.40219.1
Project("{FAE04EC0-301F-11D3-BF4B-00C04F79EFBC}") = "OdeToFood.Web", "OdeToFood.Web\OdeToFood.Web.csproj", "{9F48AE42-E215-49EF-93B2-F72567648469}"
EndProject
Project("{FAE04EC0-301F-11D3-BF4B-00C04F79EFBC}") = "OdeToFood.Data", "OdeToFood.Data\OdeToFood.Data.csproj", "{855885FB-BD7C-4172-B8FA-F67C67F514D0}"
EndProject
Global
	GlobalSection(SolutionConfigurationPlatforms) = preSolution
		Debug|Any CPU = Debug|Any CPU
		Release|Any CPU = Release|Any CPU
	EndGlobalSection
	GlobalSection(ProjectConfigurationPlatforms) = postSolution
		{9F48AE42-E215-49EF-93B2-F72567648469}.Debug|Any CPU.ActiveCfg = Debug|Any CPU
		{9F48AE42-E215-49EF-93B2-F72567648469}.Debug|Any CPU.Build.0 = Debug|Any CPU
		{9F48AE42-E215-49EF-93B2-F72567648469}.Release|Any CPU.ActiveCfg = Release|Any CPU
		{9F48AE42-E215-49EF-93B2-F72567648469}.Release|Any CPU.Build.0 = Release|Any CPU
		{855885FB-BD7C-4172-B8FA-F67C67F514D0}.Debug|Any CPU.ActiveCfg = Debug|Any CPU
		{855885FB-BD7C-4172-B8FA-F67C67F514D0}.Debug|Any CPU.Build.0 = Debug|Any CPU
		{855885FB-BD7C-4172-B8FA-F67C67F514D0}.Release|Any CPU.ActiveCfg = Release|Any CPU
		{855885FB-BD7C-4172-B8FA-F67C67F514D0}.Release|Any CPU.Build.0 = Release|Any CPU
	EndGlobalSection
	GlobalSection(SolutionProperties) = preSolution
		HideSolutionNode = FALSE
	EndGlobalSection
	GlobalSection(ExtensibilityGlobals) = postSolution
		SolutionGuid = {0CA67B52-AC5A-4328-B5DF-205420AA8355}
	EndGlobalSection
EndGlobal
